
Microsoft Visual Studio Solution File, Format Version 12.00
# Visual Studio Version 17
VisualStudioVersion = 17.14.36401.2
MinimumVisualStudioVersion = 10.0.40219.1
Project("{FAE04EC0-301F-11D3-BF4B-00C04F79EFBC}") = "FirstProject", "Testing1\FirstProject.csproj", "{8CE45C2E-7582-40BB-B84C-7B69346620F1}"
EndProject
Global
	GlobalSection(SolutionConfigurationPlatforms) = preSolution
		Debug|Any CPU = Debug|Any CPU
		Release|Any CPU = Release|Any CPU
	EndGlobalSection
	GlobalSection(ProjectConfigurationPlatforms) = postSolution
		{8CE45C2E-7582-40BB-B84C-7B69346620F1}.Debug|Any CPU.ActiveCfg = Debug|Any CPU
		{8CE45C2E-7582-40BB-B84C-7B69346620F1}.Debug|Any CPU.Build.0 = Debug|Any CPU
		{8CE45C2E-7582-40BB-B84C-7B69346620F1}.Release|Any CPU.ActiveCfg = Release|Any CPU
		{8CE45C2E-7582-40BB-B84C-7B69346620F1}.Release|Any CPU.Build.0 = Release|Any CPU
	EndGlobalSection
	GlobalSection(SolutionProperties) = preSolution
		HideSolutionNode = FALSE
	EndGlobalSection
	GlobalSection(ExtensibilityGlobals) = postSolution
		SolutionGuid = {CDED4714-AB15-4C04-9278-00425EDFAF62}
	EndGlobalSection
EndGlobal
